
Microsoft Visual Studio Solution File, Format Version 10.00
# Visual Studio 2008
Project("{F184B08F-C81C-45F6-A57F-5ABD9991F28F}") = "WordCore", "WordCore\WordCore.vbproj", "{E4B2F74F-E7F6-49EE-BE69-CBF5AEAEAE46}"
EndProject
Project("{FAE04EC0-301F-11D3-BF4B-00C04F79EFBC}") = "sFraction", "sFraction\sFraction.csproj", "{55D6CE7F-3F47-4E4C-8214-DFDEF21D12D9}"
EndProject
Project("{FAE04EC0-301F-11D3-BF4B-00C04F79EFBC}") = "ExpScanner", "ExpScanner\ExpScanner.csproj", "{82C0E178-6FC8-4C85-8CF5-DF8856071E20}"
EndProject
Project("{FAE04EC0-301F-11D3-BF4B-00C04F79EFBC}") = "AutoGen.App", "AutoGen.App\AutoGen.App.csproj", "{41BB6EE3-D6F2-43B7-BEE3-37258C8E2CF2}"
	ProjectSection(ProjectDependencies) = postProject
		{B6DA5021-C47F-4D5C-BAAF-4959F2DEB1DA} = {B6DA5021-C47F-4D5C-BAAF-4959F2DEB1DA}
		{E4B2F74F-E7F6-49EE-BE69-CBF5AEAEAE46} = {E4B2F74F-E7F6-49EE-BE69-CBF5AEAEAE46}
		{3D7CB858-6886-4DA9-9A74-DC2267CEE712} = {3D7CB858-6886-4DA9-9A74-DC2267CEE712}
		{82C0E178-6FC8-4C85-8CF5-DF8856071E20} = {82C0E178-6FC8-4C85-8CF5-DF8856071E20}
		{55D6CE7F-3F47-4E4C-8214-DFDEF21D12D9} = {55D6CE7F-3F47-4E4C-8214-DFDEF21D12D9}
		{B5445CFC-FE1B-4317-8515-28C55017A7DD} = {B5445CFC-FE1B-4317-8515-28C55017A7DD}
	EndProjectSection
EndProject
Project("{FAE04EC0-301F-11D3-BF4B-00C04F79EFBC}") = "AutoGen.UC", "AutoGen.UC\AutoGen.UC.csproj", "{B5445CFC-FE1B-4317-8515-28C55017A7DD}"
EndProject
Project("{FAE04EC0-301F-11D3-BF4B-00C04F79EFBC}") = "AutoGen.I", "AutoGen.I\AutoGen.I.csproj", "{564BD6F0-C4DD-4E16-9DD0-5821B6439EA4}"
EndProject
Project("{FAE04EC0-301F-11D3-BF4B-00C04F79EFBC}") = "AutoGen.GM", "AutoGen.GM\AutoGen.GM.csproj", "{B6DA5021-C47F-4D5C-BAAF-4959F2DEB1DA}"
EndProject
Project("{F184B08F-C81C-45F6-A57F-5ABD9991F28F}") = "AutoGen.PL", "AutoGen.PL\AutoGen.PL.vbproj", "{E9201BB6-6A4C-4CC1-8C18-FFCBE9A9DC09}"
EndProject
Project("{FAE04EC0-301F-11D3-BF4B-00C04F79EFBC}") = "AutoGen.TeXML", "AutoGen.TeXML\AutoGen.TeXML.csproj", "{96AC88BC-A074-499A-BCE8-37AA693F8156}"
EndProject
Project("{FAE04EC0-301F-11D3-BF4B-00C04F79EFBC}") = "AutoGen.TPdf", "AutoGen.TPdf\AutoGen.TPdf.csproj", "{3D7CB858-6886-4DA9-9A74-DC2267CEE712}"
EndProject
Global
	GlobalSection(SolutionConfigurationPlatforms) = preSolution
		Debug|Any CPU = Debug|Any CPU
		Release|Any CPU = Release|Any CPU
	EndGlobalSection
	GlobalSection(ProjectConfigurationPlatforms) = postSolution
		{E4B2F74F-E7F6-49EE-BE69-CBF5AEAEAE46}.Debug|Any CPU.ActiveCfg = Debug|Any CPU
		{E4B2F74F-E7F6-49EE-BE69-CBF5AEAEAE46}.Debug|Any CPU.Build.0 = Debug|Any CPU
		{E4B2F74F-E7F6-49EE-BE69-CBF5AEAEAE46}.Release|Any CPU.ActiveCfg = Release|Any CPU
		{E4B2F74F-E7F6-49EE-BE69-CBF5AEAEAE46}.Release|Any CPU.Build.0 = Release|Any CPU
		{55D6CE7F-3F47-4E4C-8214-DFDEF21D12D9}.Debug|Any CPU.ActiveCfg = Debug|Any CPU
		{55D6CE7F-3F47-4E4C-8214-DFDEF21D12D9}.Debug|Any CPU.Build.0 = Debug|Any CPU
		{55D6CE7F-3F47-4E4C-8214-DFDEF21D12D9}.Release|Any CPU.ActiveCfg = Release|Any CPU
		{55D6CE7F-3F47-4E4C-8214-DFDEF21D12D9}.Release|Any CPU.Build.0 = Release|Any CPU
		{82C0E178-6FC8-4C85-8CF5-DF8856071E20}.Debug|Any CPU.ActiveCfg = Debug|Any CPU
		{82C0E178-6FC8-4C85-8CF5-DF8856071E20}.Debug|Any CPU.Build.0 = Debug|Any CPU
		{82C0E178-6FC8-4C85-8CF5-DF8856071E20}.Release|Any CPU.ActiveCfg = Release|Any CPU
		{82C0E178-6FC8-4C85-8CF5-DF8856071E20}.Release|Any CPU.Build.0 = Release|Any CPU
		{41BB6EE3-D6F2-43B7-BEE3-37258C8E2CF2}.Debug|Any CPU.ActiveCfg = Debug|Any CPU
		{41BB6EE3-D6F2-43B7-BEE3-37258C8E2CF2}.Debug|Any CPU.Build.0 = Debug|Any CPU
		{41BB6EE3-D6F2-43B7-BEE3-37258C8E2CF2}.Release|Any CPU.ActiveCfg = Release|Any CPU
		{41BB6EE3-D6F2-43B7-BEE3-37258C8E2CF2}.Release|Any CPU.Build.0 = Release|Any CPU
		{B5445CFC-FE1B-4317-8515-28C55017A7DD}.Debug|Any CPU.ActiveCfg = Debug|Any CPU
		{B5445CFC-FE1B-4317-8515-28C55017A7DD}.Debug|Any CPU.Build.0 = Debug|Any CPU
		{B5445CFC-FE1B-4317-8515-28C55017A7DD}.Release|Any CPU.ActiveCfg = Release|Any CPU
		{B5445CFC-FE1B-4317-8515-28C55017A7DD}.Release|Any CPU.Build.0 = Release|Any CPU
		{564BD6F0-C4DD-4E16-9DD0-5821B6439EA4}.Debug|Any CPU.ActiveCfg = Debug|Any CPU
		{564BD6F0-C4DD-4E16-9DD0-5821B6439EA4}.Debug|Any CPU.Build.0 = Debug|Any CPU
		{564BD6F0-C4DD-4E16-9DD0-5821B6439EA4}.Release|Any CPU.ActiveCfg = Release|Any CPU
		{564BD6F0-C4DD-4E16-9DD0-5821B6439EA4}.Release|Any CPU.Build.0 = Release|Any CPU
		{B6DA5021-C47F-4D5C-BAAF-4959F2DEB1DA}.Debug|Any CPU.ActiveCfg = Debug|Any CPU
		{B6DA5021-C47F-4D5C-BAAF-4959F2DEB1DA}.Debug|Any CPU.Build.0 = Debug|Any CPU
		{B6DA5021-C47F-4D5C-BAAF-4959F2DEB1DA}.Release|Any CPU.ActiveCfg = Release|Any CPU
		{B6DA5021-C47F-4D5C-BAAF-4959F2DEB1DA}.Release|Any CPU.Build.0 = Release|Any CPU
		{E9201BB6-6A4C-4CC1-8C18-FFCBE9A9DC09}.Debug|Any CPU.ActiveCfg = Debug|Any CPU
		{E9201BB6-6A4C-4CC1-8C18-FFCBE9A9DC09}.Debug|Any CPU.Build.0 = Debug|Any CPU
		{E9201BB6-6A4C-4CC1-8C18-FFCBE9A9DC09}.Release|Any CPU.ActiveCfg = Release|Any CPU
		{E9201BB6-6A4C-4CC1-8C18-FFCBE9A9DC09}.Release|Any CPU.Build.0 = Release|Any CPU
		{96AC88BC-A074-499A-BCE8-37AA693F8156}.Debug|Any CPU.ActiveCfg = Debug|Any CPU
		{96AC88BC-A074-499A-BCE8-37AA693F8156}.Debug|Any CPU.Build.0 = Debug|Any CPU
		{96AC88BC-A074-499A-BCE8-37AA693F8156}.Release|Any CPU.ActiveCfg = Release|Any CPU
		{96AC88BC-A074-499A-BCE8-37AA693F8156}.Release|Any CPU.Build.0 = Release|Any CPU
		{3D7CB858-6886-4DA9-9A74-DC2267CEE712}.Debug|Any CPU.ActiveCfg = Debug|Any CPU
		{3D7CB858-6886-4DA9-9A74-DC2267CEE712}.Debug|Any CPU.Build.0 = Debug|Any CPU
		{3D7CB858-6886-4DA9-9A74-DC2267CEE712}.Release|Any CPU.ActiveCfg = Release|Any CPU
		{3D7CB858-6886-4DA9-9A74-DC2267CEE712}.Release|Any CPU.Build.0 = Release|Any CPU
	EndGlobalSection
	GlobalSection(SolutionProperties) = preSolution
		HideSolutionNode = FALSE
	EndGlobalSection
EndGlobal
